
Microsoft Visual Studio Solution File, Format Version 12.00
# Visual Studio Version 16
VisualStudioVersion = 16.0.30523.141
MinimumVisualStudioVersion = 10.0.40219.1
Project("{9A19103F-16F7-4668-BE54-9A1E7A4F7556}") = "DevOpsWorkItemsQuery", "DevOpsWorkItemsQuery.csproj", "{B7E88CD2-1A80-4100-ADFE-7C525388F05B}"
EndProject
Global
	GlobalSection(SolutionConfigurationPlatforms) = preSolution
		Debug|Any CPU = Debug|Any CPU
		Release|Any CPU = Release|Any CPU
	EndGlobalSection
	GlobalSection(ProjectConfigurationPlatforms) = postSolution
		{B7E88CD2-1A80-4100-ADFE-7C525388F05B}.Debug|Any CPU.ActiveCfg = Debug|Any CPU
		{B7E88CD2-1A80-4100-ADFE-7C525388F05B}.Debug|Any CPU.Build.0 = Debug|Any CPU
		{B7E88CD2-1A80-4100-ADFE-7C525388F05B}.Release|Any CPU.ActiveCfg = Release|Any CPU
		{B7E88CD2-1A80-4100-ADFE-7C525388F05B}.Release|Any CPU.Build.0 = Release|Any CPU
	EndGlobalSection
	GlobalSection(SolutionProperties) = preSolution
		HideSolutionNode = FALSE
	EndGlobalSection
	GlobalSection(ExtensibilityGlobals) = postSolution
		SolutionGuid = {0645E30A-F5BC-423B-B339-1EC03253632D}
	EndGlobalSection
EndGlobal
